
Microsoft Visual Studio Solution File, Format Version 12.00
# Visual Studio 15
VisualStudioVersion = 15.0.28307.1231
MinimumVisualStudioVersion = 10.0.40219.1
Project("{FAE04EC0-301F-11D3-BF4B-00C04F79EFBC}") = "CSharpUtilities", "CSharpUtilities\CSharpUtilities.csproj", "{2D1E3920-D394-4072-857D-7B0A19B239FC}"
EndProject
Global
	GlobalSection(SolutionConfigurationPlatforms) = preSolution
		Debug|Any CPU = Debug|Any CPU
		Release|Any CPU = Release|Any CPU
	EndGlobalSection
	GlobalSection(ProjectConfigurationPlatforms) = postSolution
		{2D1E3920-D394-4072-857D-7B0A19B239FC}.Debug|Any CPU.ActiveCfg = Debug|Any CPU
		{2D1E3920-D394-4072-857D-7B0A19B239FC}.Debug|Any CPU.Build.0 = Debug|Any CPU
		{2D1E3920-D394-4072-857D-7B0A19B239FC}.Release|Any CPU.ActiveCfg = Release|Any CPU
		{2D1E3920-D394-4072-857D-7B0A19B239FC}.Release|Any CPU.Build.0 = Release|Any CPU
	EndGlobalSection
	GlobalSection(SolutionProperties) = preSolution
		HideSolutionNode = FALSE
	EndGlobalSection
	GlobalSection(ExtensibilityGlobals) = postSolution
		SolutionGuid = {B68F2079-50D3-4E7C-B147-14069E86CA28}
	EndGlobalSection
EndGlobal
